// !$*UTF8*$!
{
	archiveVersion = 1;
	classes = {
	};
	objectVersion = 46;
	objects = {

/* Begin PBXBuildFile section */
		B46FCC2A1C02ED7100B898B9 /* main.m in Sources */ = {isa = PBXBuildFile; fileRef = B46FCC291C02ED7100B898B9 /* main.m */; };
		B46FCC2D1C02ED7100B898B9 /* AppDelegate.m in Sources */ = {isa = PBXBuildFile; fileRef = B46FCC2C1C02ED7100B898B9 /* AppDelegate.m */; };
		B46FCC301C02ED7100B898B9 /* ViewController.m in Sources */ = {isa = PBXBuildFile; fileRef = B46FCC2F1C02ED7100B898B9 /* ViewController.m */; };
		B46FCC331C02ED7100B898B9 /* Main.storyboard in Resources */ = {isa = PBXBuildFile; fileRef = B46FCC311C02ED7100B898B9 /* Main.storyboard */; };
		B46FCC351C02ED7100B898B9 /* Images.xcassets in Resources */ = {isa = PBXBuildFile; fileRef = B46FCC341C02ED7100B898B9 /* Images.xcassets */; };
		B46FCC381C02ED7100B898B9 /* LaunchScreen.xib in Resources */ = {isa = PBXBuildFile; fileRef = B46FCC361C02ED7100B898B9 /* LaunchScreen.xib */; };
		B46FCC441C02ED7100B898B9 /* DemoSuccessTests.m in Sources */ = {isa = PBXBuildFile; fileRef = B46FCC431C02ED7100B898B9 /* DemoSuccessTests.m */; };
		BCEEBB5C1C03143A00F46203 /* AAAAAAAAAAAA.m in Sources */ = {isa = PBXBuildFile; fileRef = BCEEBB5A1C03143A00F46203 /* AAAAAAAAAAAA.m */; };
		BCEEBB5D1C03143A00F46203 /* AAAAAAAAAAAA.xib in Resources */ = {isa = PBXBuildFile; fileRef = BCEEBB5B1C03143A00F46203 /* AAAAAAAAAAAA.xib */; };
/* End PBXBuildFile section */

/* Begin PBXContainerItemProxy section */
		B46FCC3E1C02ED7100B898B9 /* PBXContainerItemProxy */ = {
			isa = PBXContainerItemProxy;
			containerPortal = B46FCC1C1C02ED7100B898B9 /* Project object */;
			proxyType = 1;
			remoteGlobalIDString = B46FCC231C02ED7100B898B9;
			remoteInfo = DemoSuccess;
		};
/* End PBXContainerItemProxy section */

/* Begin PBXFileReference section */
		B46FCC241C02ED7100B898B9 /* DemoSuccess.app */ = {isa = PBXFileReference; explicitFileType = wrapper.application; includeInIndex = 0; path = DemoSuccess.app; sourceTree = BUILT_PRODUCTS_DIR; };
		B46FCC281C02ED7100B898B9 /* Info.plist */ = {isa = PBXFileReference; lastKnownFileType = text.plist.xml; path = Info.plist; sourceTree = "<group>"; };
		B46FCC291C02ED7100B898B9 /* main.m */ = {isa = PBXFileReference; lastKnownFileType = sourcecode.c.objc; path = main.m; sourceTree = "<group>"; };
		B46FCC2B1C02ED7100B898B9 /* AppDelegate.h */ = {isa = PBXFileReference; lastKnownFileType = sourcecode.c.h; path = AppDelegate.h; sourceTree = "<group>"; };
		B46FCC2C1C02ED7100B898B9 /* AppDelegate.m */ = {isa = PBXFileReference; lastKnownFileType = sourcecode.c.objc; path = AppDelegate.m; sourceTree = "<group>"; };
		B46FCC2E1C02ED7100B898B9 /* ViewController.h */ = {isa = PBXFileReference; lastKnownFileType = sourcecode.c.h; path = ViewController.h; sourceTree = "<group>"; };
		B46FCC2F1C02ED7100B898B9 /* ViewController.m */ = {isa = PBXFileReference; lastKnownFileType = sourcecode.c.objc; path = ViewController.m; sourceTree = "<group>"; };
		B46FCC321C02ED7100B898B9 /* Base */ = {isa = PBXFileReference; lastKnownFileType = file.storyboard; name = Base; path = Base.lproj/Main.storyboard; sourceTree = "<group>"; };
		B46FCC341C02ED7100B898B9 /* Images.xcassets */ = {isa = PBXFileReference; lastKnownFileType = folder.assetcatalog; path = Images.xcassets; sourceTree = "<group>"; };
		B46FCC371C02ED7100B898B9 /* Base */ = {isa = PBXFileReference; lastKnownFileType = file.xib; name = Base; path = Base.lproj/LaunchScreen.xib; sourceTree = "<group>"; };
		B46FCC3D1C02ED7100B898B9 /* DemoSuccessTests.xctest */ = {isa = PBXFileReference; explicitFileType = wrapper.cfbundle; includeInIndex = 0; path = DemoSuccessTests.xctest; sourceTree = BUILT_PRODUCTS_DIR; };
		B46FCC421C02ED7100B898B9 /* Info.plist */ = {isa = PBXFileReference; lastKnownFileType = text.plist.xml; path = Info.plist; sourceTree = "<group>"; };
		B46FCC431C02ED7100B898B9 /* DemoSuccessTests.m */ = {isa = PBXFileReference; lastKnownFileType = sourcecode.c.objc; path = DemoSuccessTests.m; sourceTree = "<group>"; };
		BCEEBB591C03143A00F46203 /* AAAAAAAAAAAA.h */ = {isa = PBXFileReference; fileEncoding = 4; lastKnownFileType = sourcecode.c.h; path = AAAAAAAAAAAA.h; sourceTree = "<group>"; };
		BCEEBB5A1C03143A00F46203 /* AAAAAAAAAAAA.m */ = {isa = PBXFileReference; fileEncoding = 4; lastKnownFileType = sourcecode.c.objc; path = AAAAAAAAAAAA.m; sourceTree = "<group>"; };
		BCEEBB5B1C03143A00F46203 /* AAAAAAAAAAAA.xib */ = {isa = PBXFileReference; fileEncoding = 4; lastKnownFileType = file.xib; path = AAAAAAAAAAAA.xib; sourceTree = "<group>"; };
/* End PBXFileReference section */

/* Begin PBXFrameworksBuildPhase section */
		B46FCC211C02ED7100B898B9 /* Frameworks */ = {
			isa = PBXFrameworksBuildPhase;
			buildActionMask = 2147483647;
			files = (
			);
			runOnlyForDeploymentPostprocessing = 0;
		};
		B46FCC3A1C02ED7100B898B9 /* Frameworks */ = {
			isa = PBXFrameworksBuildPhase;
			buildActionMask = 2147483647;
			files = (
			);
			runOnlyForDeploymentPostprocessing = 0;
		};
/* End PBXFrameworksBuildPhase section */

/* Begin PBXGroup section */
		B46FCC1B1C02ED7100B898B9 = {
			isa = PBXGroup;
			children = (
				BCEEBB591C03143A00F46203 /* AAAAAAAAAAAA.h */,
				BCEEBB5A1C03143A00F46203 /* AAAAAAAAAAAA.m */,
				BCEEBB5B1C03143A00F46203 /* AAAAAAAAAAAA.xib */,
				B46FCC261C02ED7100B898B9 /* DemoSuccess */,
				B46FCC401C02ED7100B898B9 /* DemoSuccessTests */,
				B46FCC251C02ED7100B898B9 /* Products */,
			);
			sourceTree = "<group>";
		};
		B46FCC251C02ED7100B898B9 /* Products */ = {
			isa = PBXGroup;
			children = (
				B46FCC241C02ED7100B898B9 /* DemoSuccess.app */,
				B46FCC3D1C02ED7100B898B9 /* DemoSuccessTests.xctest */,
			);
			name = Products;
			sourceTree = "<group>";
		};
		B46FCC261C02ED7100B898B9 /* DemoSuccess */ = {
			isa = PBXGroup;
			children = (
				B46FCC2B1C02ED7100B898B9 /* AppDelegate.h */,
				B46FCC2C1C02ED7100B898B9 /* AppDelegate.m */,
				B46FCC2E1C02ED7100B898B9 /* ViewController.h */,
				B46FCC2F1C02ED7100B898B9 /* ViewController.m */,
				B46FCC311C02ED7100B898B9 /* Main.storyboard */,
				B46FCC341C02ED7100B898B9 /* Images.xcassets */,
				B46FCC361C02ED7100B898B9 /* LaunchScreen.xib */,
				B46FCC271C02ED7100B898B9 /* Supporting Files */,
			);
			path = DemoSuccess;
			sourceTree = "<group>";
		};
		B46FCC271C02ED7100B898B9 /* Supporting Files */ = {
			isa = PBXGroup;
			children = (
				B46FCC281C02ED7100B898B9 /* Info.plist */,
				B46FCC291C02ED7100B898B9 /* main.m */,
			);
			name = "Supporting Files";
			sourceTree = "<group>";
		};
		B46FCC401C02ED7100B898B9 /* DemoSuccessTests */ = {
			isa = PBXGroup;
			children = (
				B46FCC431C02ED7100B898B9 /* DemoSuccessTests.m */,
				B46FCC411C02ED7100B898B9 /* Supporting Files */,
			);
			path = DemoSuccessTests;
			sourceTree = "<group>";
		};
		B46FCC411C02ED7100B898B9 /* Supporting Files */ = {
			isa = PBXGroup;
			children = (
				B46FCC421C02ED7100B898B9 /* Info.plist */,
			);
			name = "Supporting Files";
			sourceTree = "<group>";
		};
/* End PBXGroup section */

/* Begin PBXNativeTarget section */
		B46FCC231C02ED7100B898B9 /* DemoSuccess */ = {
			isa = PBXNativeTarget;
			buildConfigurationList = B46FCC471C02ED7100B898B9 /* Build configuration list for PBXNativeTarget "DemoSuccess" */;
			buildPhases = (
				B46FCC201C02ED7100B898B9 /* Sources */,
				B46FCC211C02ED7100B898B9 /* Frameworks */,
				B46FCC221C02ED7100B898B9 /* Resources */,
			);
			buildRules = (
			);
			dependencies = (
			);
			name = DemoSuccess;
			productName = DemoSuccess;
			productReference = B46FCC241C02ED7100B898B9 /* DemoSuccess.app */;
			productType = "com.apple.product-type.application";
		};
		B46FCC3C1C02ED7100B898B9 /* DemoSuccessTests */ = {
			isa = PBXNativeTarget;
			buildConfigurationList = B46FCC4A1C02ED7100B898B9 /* Build configuration list for PBXNativeTarget "DemoSuccessTests" */;
			buildPhases = (
				B46FCC391C02ED7100B898B9 /* Sources */,
				B46FCC3A1C02ED7100B898B9 /* Frameworks */,
				B46FCC3B1C02ED7100B898B9 /* Resources */,
			);
			buildRules = (
			);
			dependencies = (
				B46FCC3F1C02ED7100B898B9 /* PBXTargetDependency */,
			);
			name = DemoSuccessTests;
			productName = DemoSuccessTests;
			productReference = B46FCC3D1C02ED7100B898B9 /* DemoSuccessTests.xctest */;
			productType = "com.apple.product-type.bundle.unit-test";
		};
/* End PBXNativeTarget section */

/* Begin PBXProject section */
		B46FCC1C1C02ED7100B898B9 /* Project object */ = {
			isa = PBXProject;
			attributes = {
				LastUpgradeCheck = 0630;
				ORGANIZATIONNAME = "赵英奎";
				TargetAttributes = {
					B46FCC231C02ED7100B898B9 = {
						CreatedOnToolsVersion = 6.3;
					};
					B46FCC3C1C02ED7100B898B9 = {
						CreatedOnToolsVersion = 6.3;
						TestTargetID = B46FCC231C02ED7100B898B9;
					};
				};
			};
			buildConfigurationList = B46FCC1F1C02ED7100B898B9 /* Build configuration list for PBXProject "DemoSuccess" */;
			compatibilityVersion = "Xcode 3.2";
			developmentRegion = English;
			hasScannedForEncodings = 0;
			knownRegions = (
				en,
				Base,
			);
			mainGroup = B46FCC1B1C02ED7100B898B9;
			productRefGroup = B46FCC251C02ED7100B898B9 /* Products */;
			projectDirPath = "";
			projectRoot = "";
			targets = (
				B46FCC231C02ED7100B898B9 /* DemoSuccess */,
				B46FCC3C1C02ED7100B898B9 /* DemoSuccessTests */,
			);
		};
/* End PBXProject section */

/* Begin PBXResourcesBuildPhase section */
		B46FCC221C02ED7100B898B9 /* Resources */ = {
			isa = PBXResourcesBuildPhase;
			buildActionMask = 2147483647;
			files = (
				B46FCC331C02ED7100B898B9 /* Main.storyboard in Resources */,
				BCEEBB5D1C03143A00F46203 /* AAAAAAAAAAAA.xib in Resources */,
				B46FCC381C02ED7100B898B9 /* LaunchScreen.xib in Resources */,
				B46FCC351C02ED7100B898B9 /* Images.xcassets in Resources */,
			);
			runOnlyForDeploymentPostprocessing = 0;
		};
		B46FCC3B1C02ED7100B898B9 /* Resources */ = {
			isa = PBXResourcesBuildPhase;
			buildActionMask = 2147483647;
			files = (
			);
			runOnlyForDeploymentPostprocessing = 0;
		};
/* End PBXResourcesBuildPhase section */

/* Begin PBXSourcesBuildPhase section */
		B46FCC201C02ED7100B898B9 /* Sources */ = {
			isa = PBXSourcesBuildPhase;
			buildActionMask = 2147483647;
			files = (
				B46FCC301C02ED7100B898B9 /* ViewController.m in Sources */,
				BCEEBB5C1C03143A00F46203 /* AAAAAAAAAAAA.m in Sources */,
				B46FCC2D1C02ED7100B898B9 /* AppDelegate.m in Sources */,
				B46FCC2A1C02ED7100B898B9 /* main.m in Sources */,
			);
			runOnlyForDeploymentPostprocessing = 0;
		};
		B46FCC391C02ED7100B898B9 /* Sources */ = {
			isa = PBXSourcesBuildPhase;
			buildActionMask = 2147483647;
			files = (
				B46FCC441C02ED7100B898B9 /* DemoSuccessTests.m in Sources */,
			);
			runOnlyForDeploymentPostprocessing = 0;
		};
/* End PBXSourcesBuildPhase section */

/* Begin PBXTargetDependency section */
		B46FCC3F1C02ED7100B898B9 /* PBXTargetDependency */ = {
			isa = PBXTargetDependency;
			target = B46FCC231C02ED7100B898B9 /* DemoSuccess */;
			targetProxy = B46FCC3E1C02ED7100B898B9 /* PBXContainerItemProxy */;
		};
/* End PBXTargetDependency section */

/* Begin PBXVariantGroup section */
		B46FCC311C02ED7100B898B9 /* Main.storyboard */ = {
			isa = PBXVariantGroup;
			children = (
				B46FCC321C02ED7100B898B9 /* Base */,
			);
			name = Main.storyboard;
			sourceTree = "<group>";
		};
		B46FCC361C02ED7100B898B9 /* LaunchScreen.xib */ = {
			isa = PBXVariantGroup;
			children = (
				B46FCC371C02ED7100B898B9 /* Base */,
			);
			name = LaunchScreen.xib;
			sourceTree = "<group>";
		};
/* End PBXVariantGroup section */

/* Begin XCBuildConfiguration section */
		B46FCC451C02ED7100B898B9 /* Debug */ = {
			isa = XCBuildConfiguration;
			buildSettings = {
				ALWAYS_SEARCH_USER_PATHS = NO;
				CLANG_CXX_LANGUAGE_STANDARD = "gnu++0x";
				CLANG_CXX_LIBRARY = "libc++";
				CLANG_ENABLE_MODULES = YES;
				CLANG_ENABLE_OBJC_ARC = YES;
				CLANG_WARN_BOOL_CONVERSION = YES;
				CLANG_WARN_CONSTANT_CONVERSION = YES;
				CLANG_WARN_DIRECT_OBJC_ISA_USAGE = YES_ERROR;
				CLANG_WARN_EMPTY_BODY = YES;
				CLANG_WARN_ENUM_CONVERSION = YES;
				CLANG_WARN_INT_CONVERSION = YES;
				CLANG_WARN_OBJC_ROOT_CLASS = YES_ERROR;
				CLANG_WARN_UNREACHABLE_CODE = YES;
				CLANG_WARN__DUPLICATE_METHOD_MATCH = YES;
				"CODE_SIGN_IDENTITY[sdk=iphoneos*]" = "iPhone Developer";
				COPY_PHASE_STRIP = NO;
				DEBUG_INFORMATION_FORMAT = "dwarf-with-dsym";
				ENABLE_STRICT_OBJC_MSGSEND = YES;
				GCC_C_LANGUAGE_STANDARD = gnu99;
				GCC_DYNAMIC_NO_PIC = NO;
				GCC_NO_COMMON_BLOCKS = YES;
				GCC_OPTIMIZATION_LEVEL = 0;
				GCC_PREPROCESSOR_DEFINITIONS = (
					"DEBUG=1",
					"$(inherited)",
				);
				GCC_SYMBOLS_PRIVATE_EXTERN = NO;
				GCC_WARN_64_TO_32_BIT_CONVERSION = YES;
				GCC_WARN_ABOUT_RETURN_TYPE = YES_ERROR;
				GCC_WARN_UNDECLARED_SELECTOR = YES;
				GCC_WARN_UNINITIALIZED_AUTOS = YES_AGGRESSIVE;
				GCC_WARN_UNUSED_FUNCTION = YES;
				GCC_WARN_UNUSED_VARIABLE = YES;
				IPHONEOS_DEPLOYMENT_TARGET = 8.3;
				MTL_ENABLE_DEBUG_INFO = YES;
				ONLY_ACTIVE_ARCH = YES;
				SDKROOT = iphoneos;
			};
			name = Debug;
		};
		B46FCC461C02ED7100B898B9 /* Release */ = {
			isa = XCBuildConfiguration;
			buildSettings = {
				ALWAYS_SEARCH_USER_PATHS = NO;
				CLANG_CXX_LANGUAGE_STANDARD = "gnu++0x";
				CLANG_CXX_LIBRARY = "libc++";
				CLANG_ENABLE_MODULES = YES;
				CLANG_ENABLE_OBJC_ARC = YES;
				CLANG_WARN_BOOL_CONVERSION = YES;
				CLANG_WARN_CONSTANT_CONVERSION = YES;
				CLANG_WARN_DIRECT_OBJC_ISA_USAGE = YES_ERROR;
				CLANG_WARN_EMPTY_BODY = YES;
				CLANG_WARN_ENUM_CONVERSION = YES;
				CLANG_WARN_INT_CONVERSION = YES;
				CLANG_WARN_OBJC_ROOT_CLASS = YES_ERROR;
				CLANG_WARN_UNREACHABLE_CODE = YES;
				CLANG_WARN__DUPLICATE_METHOD_MATCH = YES;
				"CODE_SIGN_IDENTITY[sdk=iphoneos*]" = "iPhone Developer";
				COPY_PHASE_STRIP = NO;
				DEBUG_INFORMATION_FORMAT = "dwarf-with-dsym";
				ENABLE_NS_ASSERTIONS = NO;
				ENABLE_STRICT_OBJC_MSGSEND = YES;
				GCC_C_LANGUAGE_STANDARD = gnu99;
				GCC_NO_COMMON_BLOCKS = YES;
				GCC_WARN_64_TO_32_BIT_CONVERSION = YES;
				GCC_WARN_ABOUT_RETURN_TYPE = YES_ERROR;
				GCC_WARN_UNDECLARED_SELECTOR = YES;
				GCC_WARN_UNINITIALIZED_AUTOS = YES_AGGRESSIVE;
				GCC_WARN_UNUSED_FUNCTION = YES;
				GCC_WARN_UNUSED_VARIABLE = YES;
				IPHONEOS_DEPLOYMENT_TARGET = 8.3;
				MTL_ENABLE_DEBUG_INFO = NO;
				SDKROOT = iphoneos;
				VALIDATE_PRODUCT = YES;
			};
			name = Release;
		};
		B46FCC481C02ED7100B898B9 /* Debug */ = {
			isa = XCBuildConfiguration;
			buildSettings = {
				ASSETCATALOG_COMPILER_APPICON_NAME = AppIcon;
				INFOPLIST_FILE = DemoSuccess/Info.plist;
				LD_RUNPATH_SEARCH_PATHS = "$(inherited) @executable_path/Frameworks";
				PRODUCT_NAME = "$(TARGET_NAME)";
			};
			name = Debug;
		};
		B46FCC491C02ED7100B898B9 /* Release */ = {
			isa = XCBuildConfiguration;
			buildSettings = {
				ASSETCATALOG_COMPILER_APPICON_NAME = AppIcon;
				INFOPLIST_FILE = DemoSuccess/Info.plist;
				LD_RUNPATH_SEARCH_PATHS = "$(inherited) @executable_path/Frameworks";
				PRODUCT_NAME = "$(TARGET_NAME)";
			};
			name = Release;
		};
		B46FCC4B1C02ED7100B898B9 /* Debug */ = {
			isa = XCBuildConfiguration;
			buildSettings = {
				BUNDLE_LOADER = "$(TEST_HOST)";
				FRAMEWORK_SEARCH_PATHS = (
					"$(SDKROOT)/Developer/Library/Frameworks",
					"$(inherited)",
				);
				GCC_PREPROCESSOR_DEFINITIONS = (
					"DEBUG=1",
					"$(inherited)",
				);
				INFOPLIST_FILE = DemoSuccessTests/Info.plist;
				LD_RUNPATH_SEARCH_PATHS = "$(inherited) @executable_path/Frameworks @loader_path/Frameworks";
				PRODUCT_NAME = "$(TARGET_NAME)";
				TEST_HOST = "$(BUILT_PRODUCTS_DIR)/DemoSuccess.app/DemoSuccess";
			};
			name = Debug;
		};
		B46FCC4C1C02ED7100B898B9 /* Release */ = {
			isa = XCBuildConfiguration;
			buildSettings = {
				BUNDLE_LOADER = "$(TEST_HOST)";
				FRAMEWORK_SEARCH_PATHS = (
					"$(SDKROOT)/Developer/Library/Frameworks",
					"$(inherited)",
				);
				INFOPLIST_FILE = DemoSuccessTests/Info.plist;
				LD_RUNPATH_SEARCH_PATHS = "$(inherited) @executable_path/Frameworks @loader_path/Frameworks";
				PRODUCT_NAME = "$(TARGET_NAME)";
				TEST_HOST = "$(BUILT_PRODUCTS_DIR)/DemoSuccess.app/DemoSuccess";
			};
			name = Release;
		};
/* End XCBuildConfiguration section */

/* Begin XCConfigurationList section */
		B46FCC1F1C02ED7100B898B9 /* Build configuration list for PBXProject "DemoSuccess" */ = {
			isa = XCConfigurationList;
			buildConfigurations = (
				B46FCC451C02ED7100B898B9 /* Debug */,
				B46FCC461C02ED7100B898B9 /* Release */,
			);
			defaultConfigurationIsVisible = 0;
			defaultConfigurationName = Release;
		};
		B46FCC471C02ED7100B898B9 /* Build configuration list for PBXNativeTarget "DemoSuccess" */ = {
			isa = XCConfigurationList;
			buildConfigurations = (
				B46FCC481C02ED7100B898B9 /* Debug */,
				B46FCC491C02ED7100B898B9 /* Release */,
			);
			defaultConfigurationIsVisible = 0;
			defaultConfigurationName = Release;
		};
		B46FCC4A1C02ED7100B898B9 /* Build configuration list for PBXNativeTarget "DemoSuccessTests" */ = {
			isa = XCConfigurationList;
			buildConfigurations = (
				B46FCC4B1C02ED7100B898B9 /* Debug */,
				B46FCC4C1C02ED7100B898B9 /* Release */,
			);
			defaultConfigurationIsVisible = 0;
			defaultConfigurationName = Release;
		};
/* End XCConfigurationList section */
	};
	rootObject = B46FCC1C1C02ED7100B898B9 /* Project object */;
}
